PODS:
  - Realm (5.4.2):
    - Realm/Headers (= 5.4.2)
  - Realm/Headers (5.4.2)
  - RealmSwift (5.4.2):
    - Realm (= 5.4.2)

DEPENDENCIES:
  - RealmSwift

SPEC REPOS:
  trunk:
    - Realm
    - RealmSwift

SPEC CHECKSUMS:
  Realm: ced868eb0254f8d33a21c06981355e5aa33bc005
  RealmSwift: aedc4363150f3c61f91ae0537ed116d2d080a4dd

PODFILE CHECKSUM: 2af514303e1a0e35f2a28b2278e5362f267b4883

COCOAPODS: 1.9.3
